
Microsoft Visual Studio Solution File, Format Version 12.00
# Visual Studio Version 17
VisualStudioVersion = 17.4.33110.190
MinimumVisualStudioVersion = 10.0.40219.1
Project("{9A19103F-16F7-4668-BE54-9A1E7A4F7556}") = "E-commerceApi", "E-commerceApi\E-commerceApi.csproj", "{71C55FDA-9176-49B8-9C01-AC6AACDA87B3}"
EndProject
Project("{9A19103F-16F7-4668-BE54-9A1E7A4F7556}") = "Core", "Core\Core.csproj", "{EB582A9C-0196-4DF3-B4FA-A8255118CDD9}"
EndProject
Project("{FAE04EC0-301F-11D3-BF4B-00C04F79EFBC}") = "Infrastructure", "Infrastructure\Infrastructure.csproj", "{2BC321B2-F9AF-4362-B6B9-883B9EE6A2ED}"
EndProject
Global
	GlobalSection(SolutionConfigurationPlatforms) = preSolution
		Debug|Any CPU = Debug|Any CPU
		Release|Any CPU = Release|Any CPU
	EndGlobalSection
	GlobalSection(ProjectConfigurationPlatforms) = postSolution
		{71C55FDA-9176-49B8-9C01-AC6AACDA87B3}.Debug|Any CPU.ActiveCfg = Debug|Any CPU
		{71C55FDA-9176-49B8-9C01-AC6AACDA87B3}.Debug|Any CPU.Build.0 = Debug|Any CPU
		{71C55FDA-9176-49B8-9C01-AC6AACDA87B3}.Release|Any CPU.ActiveCfg = Release|Any CPU
		{71C55FDA-9176-49B8-9C01-AC6AACDA87B3}.Release|Any CPU.Build.0 = Release|Any CPU
		{EB582A9C-0196-4DF3-B4FA-A8255118CDD9}.Debug|Any CPU.ActiveCfg = Debug|Any CPU
		{EB582A9C-0196-4DF3-B4FA-A8255118CDD9}.Debug|Any CPU.Build.0 = Debug|Any CPU
		{EB582A9C-0196-4DF3-B4FA-A8255118CDD9}.Release|Any CPU.ActiveCfg = Release|Any CPU
		{EB582A9C-0196-4DF3-B4FA-A8255118CDD9}.Release|Any CPU.Build.0 = Release|Any CPU
		{2BC321B2-F9AF-4362-B6B9-883B9EE6A2ED}.Debug|Any CPU.ActiveCfg = Debug|Any CPU
		{2BC321B2-F9AF-4362-B6B9-883B9EE6A2ED}.Debug|Any CPU.Build.0 = Debug|Any CPU
		{2BC321B2-F9AF-4362-B6B9-883B9EE6A2ED}.Release|Any CPU.ActiveCfg = Release|Any CPU
		{2BC321B2-F9AF-4362-B6B9-883B9EE6A2ED}.Release|Any CPU.Build.0 = Release|Any CPU
	EndGlobalSection
	GlobalSection(SolutionProperties) = preSolution
		HideSolutionNode = FALSE
	EndGlobalSection
	GlobalSection(ExtensibilityGlobals) = postSolution
		SolutionGuid = {09EDDEC1-5B2E-46BF-9DE0-3163B70BD047}
	EndGlobalSection
EndGlobal
